
Microsoft Visual Studio Solution File, Format Version 12.00
# Visual Studio Version 17
VisualStudioVersion = 17.0.32126.317
MinimumVisualStudioVersion = 10.0.40219.1
Project("{9A19103F-16F7-4668-BE54-9A1E7A4F7556}") = "ManageUser.API", "ManagerUser\ManageUser.API.csproj", "{39EC9BDA-A733-4E42-AC60-6DFEC9A062B3}"
EndProject
Project("{9A19103F-16F7-4668-BE54-9A1E7A4F7556}") = "ManageUser.Domain", "ManageUser.Domain\ManageUser.Domain.csproj", "{A28E4947-1A80-4E82-BAB1-014F7A11B213}"
EndProject
Project("{9A19103F-16F7-4668-BE54-9A1E7A4F7556}") = "ManageUser.Services", "ManageUser.Services\ManageUser.Services.csproj", "{58474856-FD6B-48D8-B777-A8752D31E01A}"
EndProject
Project("{FAE04EC0-301F-11D3-BF4B-00C04F79EFBC}") = "ManageUser.Infra", "ManageUser.Infra\ManageUser.Infra.csproj", "{76D3A2BE-8F1D-4655-82AB-326B5765CDF8}"
EndProject
Project("{FAE04EC0-301F-11D3-BF4B-00C04F79EFBC}") = "ManageUser.Core", "ManageUser.Core\ManageUser.Core.csproj", "{EF02694E-F2A4-46FE-B135-21CC2E4F964C}"
EndProject
Global
	GlobalSection(SolutionConfigurationPlatforms) = preSolution
		Debug|Any CPU = Debug|Any CPU
		Release|Any CPU = Release|Any CPU
	EndGlobalSection
	GlobalSection(ProjectConfigurationPlatforms) = postSolution
		{39EC9BDA-A733-4E42-AC60-6DFEC9A062B3}.Debug|Any CPU.ActiveCfg = Debug|Any CPU
		{39EC9BDA-A733-4E42-AC60-6DFEC9A062B3}.Debug|Any CPU.Build.0 = Debug|Any CPU
		{39EC9BDA-A733-4E42-AC60-6DFEC9A062B3}.Release|Any CPU.ActiveCfg = Release|Any CPU
		{39EC9BDA-A733-4E42-AC60-6DFEC9A062B3}.Release|Any CPU.Build.0 = Release|Any CPU
		{A28E4947-1A80-4E82-BAB1-014F7A11B213}.Debug|Any CPU.ActiveCfg = Debug|Any CPU
		{A28E4947-1A80-4E82-BAB1-014F7A11B213}.Debug|Any CPU.Build.0 = Debug|Any CPU
		{A28E4947-1A80-4E82-BAB1-014F7A11B213}.Release|Any CPU.ActiveCfg = Release|Any CPU
		{A28E4947-1A80-4E82-BAB1-014F7A11B213}.Release|Any CPU.Build.0 = Release|Any CPU
		{58474856-FD6B-48D8-B777-A8752D31E01A}.Debug|Any CPU.ActiveCfg = Debug|Any CPU
		{58474856-FD6B-48D8-B777-A8752D31E01A}.Debug|Any CPU.Build.0 = Debug|Any CPU
		{58474856-FD6B-48D8-B777-A8752D31E01A}.Release|Any CPU.ActiveCfg = Release|Any CPU
		{58474856-FD6B-48D8-B777-A8752D31E01A}.Release|Any CPU.Build.0 = Release|Any CPU
		{76D3A2BE-8F1D-4655-82AB-326B5765CDF8}.Debug|Any CPU.ActiveCfg = Debug|Any CPU
		{76D3A2BE-8F1D-4655-82AB-326B5765CDF8}.Debug|Any CPU.Build.0 = Debug|Any CPU
		{76D3A2BE-8F1D-4655-82AB-326B5765CDF8}.Release|Any CPU.ActiveCfg = Release|Any CPU
		{76D3A2BE-8F1D-4655-82AB-326B5765CDF8}.Release|Any CPU.Build.0 = Release|Any CPU
		{EF02694E-F2A4-46FE-B135-21CC2E4F964C}.Debug|Any CPU.ActiveCfg = Debug|Any CPU
		{EF02694E-F2A4-46FE-B135-21CC2E4F964C}.Debug|Any CPU.Build.0 = Debug|Any CPU
		{EF02694E-F2A4-46FE-B135-21CC2E4F964C}.Release|Any CPU.ActiveCfg = Release|Any CPU
		{EF02694E-F2A4-46FE-B135-21CC2E4F964C}.Release|Any CPU.Build.0 = Release|Any CPU
	EndGlobalSection
	GlobalSection(SolutionProperties) = preSolution
		HideSolutionNode = FALSE
	EndGlobalSection
	GlobalSection(ExtensibilityGlobals) = postSolution
		SolutionGuid = {F4422E56-6A77-4E4D-B1BF-143DA31AA162}
	EndGlobalSection
EndGlobal
